
Microsoft Visual Studio Solution File, Format Version 12.00
# Visual Studio Version 16
VisualStudioVersion = 16.0.29009.5
MinimumVisualStudioVersion = 10.0.40219.1
Project("{FAE04EC0-301F-11D3-BF4B-00C04F79EFBC}") = "Register.Api", "Register.Api\Register.Api.csproj", "{75090F1E-4C52-4718-B58C-21E6B3920910}"
EndProject
Global
	GlobalSection(SolutionConfigurationPlatforms) = preSolution
		Debug|Any CPU = Debug|Any CPU
		Release|Any CPU = Release|Any CPU
	EndGlobalSection
	GlobalSection(ProjectConfigurationPlatforms) = postSolution
		{75090F1E-4C52-4718-B58C-21E6B3920910}.Debug|Any CPU.ActiveCfg = Debug|Any CPU
		{75090F1E-4C52-4718-B58C-21E6B3920910}.Debug|Any CPU.Build.0 = Debug|Any CPU
		{75090F1E-4C52-4718-B58C-21E6B3920910}.Release|Any CPU.ActiveCfg = Release|Any CPU
		{75090F1E-4C52-4718-B58C-21E6B3920910}.Release|Any CPU.Build.0 = Release|Any CPU
	EndGlobalSection
	GlobalSection(SolutionProperties) = preSolution
		HideSolutionNode = FALSE
	EndGlobalSection
	GlobalSection(ExtensibilityGlobals) = postSolution
		SolutionGuid = {15A8A1FA-9FD7-4C85-BBBA-1A8CCE97EC1D}
	EndGlobalSection
EndGlobal
